
Microsoft Visual Studio Solution File, Format Version 12.00
# Visual Studio Version 17
VisualStudioVersion = 17.0.32014.148
MinimumVisualStudioVersion = 10.0.40219.1
Project("{9A19103F-16F7-4668-BE54-9A1E7A4F7556}") = "ESNLib.Tools", "ESNLib.Tools\ESNLib.Tools.csproj", "{4736DF5C-0EF3-4EBE-B49B-EC032A9F9456}"
EndProject
Project("{9A19103F-16F7-4668-BE54-9A1E7A4F7556}") = "ESNLib.Tools.Tests", "ESNLib.ToolsTests\ESNLib.Tools.Tests.csproj", "{3B3686F0-8229-4F5F-96AF-8A811EF91327}"
EndProject
Project("{FAE04EC0-301F-11D3-BF4B-00C04F79EFBC}") = "ESNLib.Examples", "ESNLib.Examples\ESNLib.Examples.csproj", "{D6FF8D57-5873-4D31-9B86-811F01A2218C}"
EndProject
Project("{2150E333-8FDC-42A3-9474-1A3956D46DE8}") = "old", "old", "{689BC73F-FA59-4F17-9937-F6528D75A408}"
	ProjectSection(SolutionItems) = preProject
		..\..\cloud\01_Programming\ESN_Lib\EsseivaN_Lib\Tools\ClipboardMonitor.cs = ..\..\cloud\01_Programming\ESN_Lib\EsseivaN_Lib\Tools\ClipboardMonitor.cs
		..\..\cloud\01_Programming\ESN_Lib\EsseivaN_Lib\Tools\Dialog.cs = ..\..\cloud\01_Programming\ESN_Lib\EsseivaN_Lib\Tools\Dialog.cs
		..\..\cloud\01_Programming\ESN_Lib\EsseivaN_Lib\Tools\Flags.cs = ..\..\cloud\01_Programming\ESN_Lib\EsseivaN_Lib\Tools\Flags.cs
		..\..\cloud\01_Programming\ESN_Lib\EsseivaN_Lib.UnitTests\Flags.UnitTests.cs = ..\..\cloud\01_Programming\ESN_Lib\EsseivaN_Lib.UnitTests\Flags.UnitTests.cs
		..\..\cloud\01_Programming\ESN_Lib\EsseivaN_Lib\Tools\FTPManager.cs = ..\..\cloud\01_Programming\ESN_Lib\EsseivaN_Lib\Tools\FTPManager.cs
		..\..\cloud\01_Programming\ESN_Lib\EsseivaN_Lib\Tools\Logger.cs = ..\..\cloud\01_Programming\ESN_Lib\EsseivaN_Lib\Tools\Logger.cs
		..\..\cloud\01_Programming\ESN_Lib\EsseivaN_Lib\Tools\SettingManager.cs = ..\..\cloud\01_Programming\ESN_Lib\EsseivaN_Lib\Tools\SettingManager.cs
		..\..\cloud\01_Programming\ESN_Lib\EsseivaN_Lib\Tools\SettingManager_Fast.cs = ..\..\cloud\01_Programming\ESN_Lib\EsseivaN_Lib\Tools\SettingManager_Fast.cs
		..\..\cloud\01_Programming\ESN_Lib\EsseivaN_Lib\Tools\SettingsManager.cs = ..\..\cloud\01_Programming\ESN_Lib\EsseivaN_Lib\Tools\SettingsManager.cs
		..\..\cloud\01_Programming\ESN_Lib\EsseivaN_Lib\Tools\Tools.cs = ..\..\cloud\01_Programming\ESN_Lib\EsseivaN_Lib\Tools\Tools.cs
		..\..\cloud\01_Programming\ESN_Lib\EsseivaN_Lib.UnitTests\Tools.UnitTests.cs = ..\..\cloud\01_Programming\ESN_Lib\EsseivaN_Lib.UnitTests\Tools.UnitTests.cs
		..\..\cloud\01_Programming\ESN_Lib\EsseivaN_Lib\Tools\UpdateChecker.cs = ..\..\cloud\01_Programming\ESN_Lib\EsseivaN_Lib\Tools\UpdateChecker.cs
		..\..\cloud\01_Programming\ESN_Lib\EsseivaN_Lib\Tools\Watermark.cs = ..\..\cloud\01_Programming\ESN_Lib\EsseivaN_Lib\Tools\Watermark.cs
		..\..\cloud\01_Programming\ESN_Lib\EsseivaN_Lib\Tools\XmlReader.cs = ..\..\cloud\01_Programming\ESN_Lib\EsseivaN_Lib\Tools\XmlReader.cs
	EndProjectSection
EndProject
Global
	GlobalSection(SolutionConfigurationPlatforms) = preSolution
		Debug|Any CPU = Debug|Any CPU
		Release|Any CPU = Release|Any CPU
	EndGlobalSection
	GlobalSection(ProjectConfigurationPlatforms) = postSolution
		{4736DF5C-0EF3-4EBE-B49B-EC032A9F9456}.Debug|Any CPU.ActiveCfg = Debug|Any CPU
		{4736DF5C-0EF3-4EBE-B49B-EC032A9F9456}.Debug|Any CPU.Build.0 = Debug|Any CPU
		{4736DF5C-0EF3-4EBE-B49B-EC032A9F9456}.Release|Any CPU.ActiveCfg = Release|Any CPU
		{4736DF5C-0EF3-4EBE-B49B-EC032A9F9456}.Release|Any CPU.Build.0 = Release|Any CPU
		{3B3686F0-8229-4F5F-96AF-8A811EF91327}.Debug|Any CPU.ActiveCfg = Debug|Any CPU
		{3B3686F0-8229-4F5F-96AF-8A811EF91327}.Debug|Any CPU.Build.0 = Debug|Any CPU
		{3B3686F0-8229-4F5F-96AF-8A811EF91327}.Release|Any CPU.ActiveCfg = Release|Any CPU
		{3B3686F0-8229-4F5F-96AF-8A811EF91327}.Release|Any CPU.Build.0 = Release|Any CPU
		{D6FF8D57-5873-4D31-9B86-811F01A2218C}.Debug|Any CPU.ActiveCfg = Debug|Any CPU
		{D6FF8D57-5873-4D31-9B86-811F01A2218C}.Debug|Any CPU.Build.0 = Debug|Any CPU
		{D6FF8D57-5873-4D31-9B86-811F01A2218C}.Release|Any CPU.ActiveCfg = Release|Any CPU
		{D6FF8D57-5873-4D31-9B86-811F01A2218C}.Release|Any CPU.Build.0 = Release|Any CPU
	EndGlobalSection
	GlobalSection(SolutionProperties) = preSolution
		HideSolutionNode = FALSE
	EndGlobalSection
	GlobalSection(ExtensibilityGlobals) = postSolution
		SolutionGuid = {61309CA6-6AC1-49DC-A8E3-10446B09ABB3}
	EndGlobalSection
EndGlobal
